
Microsoft Visual Studio Solution File, Format Version 12.00
# Visual Studio Version 16
VisualStudioVersion = 16.0.29418.71
MinimumVisualStudioVersion = 10.0.40219.1
Project("{FAE04EC0-301F-11D3-BF4B-00C04F79EFBC}") = "Akademia3", "Akademia3\Akademia3.csproj", "{3E0A2CD1-1111-4078-AE70-445FDBB709F9}"
EndProject
Project("{FAE04EC0-301F-11D3-BF4B-00C04F79EFBC}") = "CollectionsAndLinq", "CollectionsAndLinq\CollectionsAndLinq.csproj", "{BE7FE19B-9CBB-4124-9098-8B27E96AF337}"
EndProject
Global
	GlobalSection(SolutionConfigurationPlatforms) = preSolution
		Debug|Any CPU = Debug|Any CPU
		Release|Any CPU = Release|Any CPU
	EndGlobalSection
	GlobalSection(ProjectConfigurationPlatforms) = postSolution
		{3E0A2CD1-1111-4078-AE70-445FDBB709F9}.Debug|Any CPU.ActiveCfg = Debug|Any CPU
		{3E0A2CD1-1111-4078-AE70-445FDBB709F9}.Debug|Any CPU.Build.0 = Debug|Any CPU
		{3E0A2CD1-1111-4078-AE70-445FDBB709F9}.Release|Any CPU.ActiveCfg = Release|Any CPU
		{3E0A2CD1-1111-4078-AE70-445FDBB709F9}.Release|Any CPU.Build.0 = Release|Any CPU
		{BE7FE19B-9CBB-4124-9098-8B27E96AF337}.Debug|Any CPU.ActiveCfg = Debug|Any CPU
		{BE7FE19B-9CBB-4124-9098-8B27E96AF337}.Debug|Any CPU.Build.0 = Debug|Any CPU
		{BE7FE19B-9CBB-4124-9098-8B27E96AF337}.Release|Any CPU.ActiveCfg = Release|Any CPU
		{BE7FE19B-9CBB-4124-9098-8B27E96AF337}.Release|Any CPU.Build.0 = Release|Any CPU
	EndGlobalSection
	GlobalSection(SolutionProperties) = preSolution
		HideSolutionNode = FALSE
	EndGlobalSection
	GlobalSection(ExtensibilityGlobals) = postSolution
		SolutionGuid = {E8C827F5-94B1-427D-B359-D07557EAAB8A}
	EndGlobalSection
EndGlobal
